
Microsoft Visual Studio Solution File, Format Version 12.00
# Visual Studio Version 17
VisualStudioVersion = 17.13.35919.96 d17.13
MinimumVisualStudioVersion = 10.0.40219.1
Project("{FAE04EC0-301F-11D3-BF4B-00C04F79EFBC}") = "OrcaLaunch", "OrcaLaunch.csproj", "{467EE16A-3592-45F7-95CA-A69694DF7250}"
EndProject
Global
	GlobalSection(SolutionConfigurationPlatforms) = preSolution
		Debug|Any CPU = Debug|Any CPU
		Release|Any CPU = Release|Any CPU
	EndGlobalSection
	GlobalSection(ProjectConfigurationPlatforms) = postSolution
		{467EE16A-3592-45F7-95CA-A69694DF7250}.Debug|Any CPU.ActiveCfg = Debug|Any CPU
		{467EE16A-3592-45F7-95CA-A69694DF7250}.Debug|Any CPU.Build.0 = Debug|Any CPU
		{467EE16A-3592-45F7-95CA-A69694DF7250}.Release|Any CPU.ActiveCfg = Release|Any CPU
		{467EE16A-3592-45F7-95CA-A69694DF7250}.Release|Any CPU.Build.0 = Release|Any CPU
	EndGlobalSection
	GlobalSection(SolutionProperties) = preSolution
		HideSolutionNode = FALSE
	EndGlobalSection
	GlobalSection(ExtensibilityGlobals) = postSolution
		SolutionGuid = {F645E927-DC08-41B0-A67A-A94B4F43C99E}
	EndGlobalSection
EndGlobal
